// !$*UTF8*$!
{
	archiveVersion = 1;
	classes = {
	};
	objectVersion = 56;
	objects = {

/* Begin PBXBuildFile section */
		5B15E7502B052C98004A4AF6 /* Futbin_api in Frameworks */ = {isa = PBXBuildFile; productRef = 5B15E74F2B052C98004A4AF6 /* Futbin_api */; };
		5B15E7532B052F5F004A4AF6 /* Kingfisher in Frameworks */ = {isa = PBXBuildFile; productRef = 5B15E7522B052F5F004A4AF6 /* Kingfisher */; };
		5B15E7552B052F8A004A4AF6 /* ContentViewModel.swift in Sources */ = {isa = PBXBuildFile; fileRef = 5B15E7542B052F8A004A4AF6 /* ContentViewModel.swift */; };
		5B78EE1D2B02992B007FB912 /* SoupFootApp.swift in Sources */ = {isa = PBXBuildFile; fileRef = 5B78EE1C2B02992B007FB912 /* SoupFootApp.swift */; };
		5B78EE1F2B02992B007FB912 /* ContentView.swift in Sources */ = {isa = PBXBuildFile; fileRef = 5B78EE1E2B02992B007FB912 /* ContentView.swift */; };
		5B78EE212B02992E007FB912 /* Assets.xcassets in Resources */ = {isa = PBXBuildFile; fileRef = 5B78EE202B02992E007FB912 /* Assets.xcassets */; };
		5B78EE242B02992E007FB912 /* Preview Assets.xcassets in Resources */ = {isa = PBXBuildFile; fileRef = 5B78EE232B02992E007FB912 /* Preview Assets.xcassets */; };
/* End PBXBuildFile section */

/* Begin PBXFileReference section */
		5B15E7542B052F8A004A4AF6 /* ContentViewModel.swift */ = {isa = PBXFileReference; lastKnownFileType = sourcecode.swift; path = ContentViewModel.swift; sourceTree = "<group>"; };
		5B78EE192B02992B007FB912 /* SoupFoot.app */ = {isa = PBXFileReference; explicitFileType = wrapper.application; includeInIndex = 0; path = SoupFoot.app; sourceTree = BUILT_PRODUCTS_DIR; };
		5B78EE1C2B02992B007FB912 /* SoupFootApp.swift */ = {isa = PBXFileReference; lastKnownFileType = sourcecode.swift; path = SoupFootApp.swift; sourceTree = "<group>"; };
		5B78EE1E2B02992B007FB912 /* ContentView.swift */ = {isa = PBXFileReference; lastKnownFileType = sourcecode.swift; path = ContentView.swift; sourceTree = "<group>"; };
		5B78EE202B02992E007FB912 /* Assets.xcassets */ = {isa = PBXFileReference; lastKnownFileType = folder.assetcatalog; path = Assets.xcassets; sourceTree = "<group>"; };
		5B78EE232B02992E007FB912 /* Preview Assets.xcassets */ = {isa = PBXFileReference; lastKnownFileType = folder.assetcatalog; path = "Preview Assets.xcassets"; sourceTree = "<group>"; };
/* End PBXFileReference section */

/* Begin PBXFrameworksBuildPhase section */
		5B78EE162B02992B007FB912 /* Frameworks */ = {
			isa = PBXFrameworksBuildPhase;
			buildActionMask = 2147483647;
			files = (
				5B15E7532B052F5F004A4AF6 /* Kingfisher in Frameworks */,
				5B15E7502B052C98004A4AF6 /* Futbin_api in Frameworks */,
			);
			runOnlyForDeploymentPostprocessing = 0;
		};
/* End PBXFrameworksBuildPhase section */

/* Begin PBXGroup section */
		5B78EE102B02992B007FB912 = {
			isa = PBXGroup;
			children = (
				5B78EE1B2B02992B007FB912 /* SoupFoot */,
				5B78EE1A2B02992B007FB912 /* Products */,
			);
			sourceTree = "<group>";
		};
		5B78EE1A2B02992B007FB912 /* Products */ = {
			isa = PBXGroup;
			children = (
				5B78EE192B02992B007FB912 /* SoupFoot.app */,
			);
			name = Products;
			sourceTree = "<group>";
		};
		5B78EE1B2B02992B007FB912 /* SoupFoot */ = {
			isa = PBXGroup;
			children = (
				5B78EE1C2B02992B007FB912 /* SoupFootApp.swift */,
				5B78EE1E2B02992B007FB912 /* ContentView.swift */,
				5B15E7542B052F8A004A4AF6 /* ContentViewModel.swift */,
				5B78EE202B02992E007FB912 /* Assets.xcassets */,
				5B78EE222B02992E007FB912 /* Preview Content */,
			);
			path = SoupFoot;
			sourceTree = "<group>";
		};
		5B78EE222B02992E007FB912 /* Preview Content */ = {
			isa = PBXGroup;
			children = (
				5B78EE232B02992E007FB912 /* Preview Assets.xcassets */,
			);
			path = "Preview Content";
			sourceTree = "<group>";
		};
/* End PBXGroup section */

/* Begin PBXNativeTarget section */
		5B78EE182B02992B007FB912 /* SoupFoot */ = {
			isa = PBXNativeTarget;
			buildConfigurationList = 5B78EE272B02992E007FB912 /* Build configuration list for PBXNativeTarget "SoupFoot" */;
			buildPhases = (
				5B78EE152B02992B007FB912 /* Sources */,
				5B78EE162B02992B007FB912 /* Frameworks */,
				5B78EE172B02992B007FB912 /* Resources */,
			);
			buildRules = (
			);
			dependencies = (
			);
			name = SoupFoot;
			packageProductDependencies = (
				5B15E74F2B052C98004A4AF6 /* Futbin_api */,
				5B15E7522B052F5F004A4AF6 /* Kingfisher */,
			);
			productName = SoupFoot;
			productReference = 5B78EE192B02992B007FB912 /* SoupFoot.app */;
			productType = "com.apple.product-type.application";
		};
/* End PBXNativeTarget section */

/* Begin PBXProject section */
		5B78EE112B02992B007FB912 /* Project object */ = {
			isa = PBXProject;
			attributes = {
				BuildIndependentTargetsInParallel = 1;
				LastSwiftUpdateCheck = 1500;
				LastUpgradeCheck = 1500;
				TargetAttributes = {
					5B78EE182B02992B007FB912 = {
						CreatedOnToolsVersion = 15.0.1;
					};
				};
			};
			buildConfigurationList = 5B78EE142B02992B007FB912 /* Build configuration list for PBXProject "SoupFoot" */;
			compatibilityVersion = "Xcode 14.0";
			developmentRegion = en;
			hasScannedForEncodings = 0;
			knownRegions = (
				en,
				Base,
			);
			mainGroup = 5B78EE102B02992B007FB912;
			packageReferences = (
				5B15E74E2B052C97004A4AF6 /* XCRemoteSwiftPackageReference "Futbin_api" */,
				5B15E7512B052F5F004A4AF6 /* XCRemoteSwiftPackageReference "Kingfisher" */,
			);
			productRefGroup = 5B78EE1A2B02992B007FB912 /* Products */;
			projectDirPath = "";
			projectRoot = "";
			targets = (
				5B78EE182B02992B007FB912 /* SoupFoot */,
			);
		};
/* End PBXProject section */

/* Begin PBXResourcesBuildPhase section */
		5B78EE172B02992B007FB912 /* Resources */ = {
			isa = PBXResourcesBuildPhase;
			buildActionMask = 2147483647;
			files = (
				5B78EE242B02992E007FB912 /* Preview Assets.xcassets in Resources */,
				5B78EE212B02992E007FB912 /* Assets.xcassets in Resources */,
			);
			runOnlyForDeploymentPostprocessing = 0;
		};
/* End PBXResourcesBuildPhase section */

/* Begin PBXSourcesBuildPhase section */
		5B78EE152B02992B007FB912 /* Sources */ = {
			isa = PBXSourcesBuildPhase;
			buildActionMask = 2147483647;
			files = (
				5B78EE1F2B02992B007FB912 /* ContentView.swift in Sources */,
				5B78EE1D2B02992B007FB912 /* SoupFootApp.swift in Sources */,
				5B15E7552B052F8A004A4AF6 /* ContentViewModel.swift in Sources */,
			);
			runOnlyForDeploymentPostprocessing = 0;
		};
/* End PBXSourcesBuildPhase section */

/* Begin XCBuildConfiguration section */
		5B78EE252B02992E007FB912 /* Debug */ = {
			isa = XCBuildConfiguration;
			buildSettings = {
				ALWAYS_SEARCH_USER_PATHS = NO;
				ASSETCATALOG_COMPILER_GENERATE_SWIFT_ASSET_SYMBOL_EXTENSIONS = YES;
				CLANG_ANALYZER_NONNULL = YES;
				CLANG_ANALYZER_NUMBER_OBJECT_CONVERSION = YES_AGGRESSIVE;
				CLANG_CXX_LANGUAGE_STANDARD = "gnu++20";
				CLANG_ENABLE_MODULES = YES;
				CLANG_ENABLE_OBJC_ARC = YES;
				CLANG_ENABLE_OBJC_WEAK = YES;
				CLANG_WARN_BLOCK_CAPTURE_AUTORELEASING = YES;
				CLANG_WARN_BOOL_CONVERSION = YES;
				CLANG_WARN_COMMA = YES;
				CLANG_WARN_CONSTANT_CONVERSION = YES;
				CLANG_WARN_DEPRECATED_OBJC_IMPLEMENTATIONS = YES;
				CLANG_WARN_DIRECT_OBJC_ISA_USAGE = YES_ERROR;
				CLANG_WARN_DOCUMENTATION_COMMENTS = YES;
				CLANG_WARN_EMPTY_BODY = YES;
				CLANG_WARN_ENUM_CONVERSION = YES;
				CLANG_WARN_INFINITE_RECURSION = YES;
				CLANG_WARN_INT_CONVERSION = YES;
				CLANG_WARN_NON_LITERAL_NULL_CONVERSION = YES;
				CLANG_WARN_OBJC_IMPLICIT_RETAIN_SELF = YES;
				CLANG_WARN_OBJC_LITERAL_CONVERSION = YES;
				CLANG_WARN_OBJC_ROOT_CLASS = YES_ERROR;
				CLANG_WARN_QUOTED_INCLUDE_IN_FRAMEWORK_HEADER = YES;
				CLANG_WARN_RANGE_LOOP_ANALYSIS = YES;
				CLANG_WARN_STRICT_PROTOTYPES = YES;
				CLANG_WARN_SUSPICIOUS_MOVE = YES;
				CLANG_WARN_UNGUARDED_AVAILABILITY = YES_AGGRESSIVE;
				CLANG_WARN_UNREACHABLE_CODE = YES;
				CLANG_WARN__DUPLICATE_METHOD_MATCH = YES;
				COPY_PHASE_STRIP = NO;
				DEBUG_INFORMATION_FORMAT = dwarf;
				ENABLE_STRICT_OBJC_MSGSEND = YES;
				ENABLE_TESTABILITY = YES;
				ENABLE_USER_SCRIPT_SANDBOXING = YES;
				GCC_C_LANGUAGE_STANDARD = gnu17;
				GCC_DYNAMIC_NO_PIC = NO;
				GCC_NO_COMMON_BLOCKS = YES;
				GCC_OPTIMIZATION_LEVEL = 0;
				GCC_PREPROCESSOR_DEFINITIONS = (
					"DEBUG=1",
					"$(inherited)",
				);
				GCC_WARN_64_TO_32_BIT_CONVERSION = YES;
				GCC_WARN_ABOUT_RETURN_TYPE = YES_ERROR;
				GCC_WARN_UNDECLARED_SELECTOR = YES;
				GCC_WARN_UNINITIALIZED_AUTOS = YES_AGGRESSIVE;
				GCC_WARN_UNUSED_FUNCTION = YES;
				GCC_WARN_UNUSED_VARIABLE = YES;
				IPHONEOS_DEPLOYMENT_TARGET = 14.0;
				LOCALIZATION_PREFERS_STRING_CATALOGS = YES;
				MTL_ENABLE_DEBUG_INFO = INCLUDE_SOURCE;
				MTL_FAST_MATH = YES;
				ONLY_ACTIVE_ARCH = YES;
				SDKROOT = iphoneos;
				SWIFT_ACTIVE_COMPILATION_CONDITIONS = "DEBUG $(inherited)";
				SWIFT_OPTIMIZATION_LEVEL = "-Onone";
			};
			name = Debug;
		};
		5B78EE262B02992E007FB912 /* Release */ = {
			isa = XCBuildConfiguration;
			buildSettings = {
				ALWAYS_SEARCH_USER_PATHS = NO;
				ASSETCATALOG_COMPILER_GENERATE_SWIFT_ASSET_SYMBOL_EXTENSIONS = YES;
				CLANG_ANALYZER_NONNULL = YES;
				CLANG_ANALYZER_NUMBER_OBJECT_CONVERSION = YES_AGGRESSIVE;
				CLANG_CXX_LANGUAGE_STANDARD = "gnu++20";
				CLANG_ENABLE_MODULES = YES;
				CLANG_ENABLE_OBJC_ARC = YES;
				CLANG_ENABLE_OBJC_WEAK = YES;
				CLANG_WARN_BLOCK_CAPTURE_AUTORELEASING = YES;
				CLANG_WARN_BOOL_CONVERSION = YES;
				CLANG_WARN_COMMA = YES;
				CLANG_WARN_CONSTANT_CONVERSION = YES;
				CLANG_WARN_DEPRECATED_OBJC_IMPLEMENTATIONS = YES;
				CLANG_WARN_DIRECT_OBJC_ISA_USAGE = YES_ERROR;
				CLANG_WARN_DOCUMENTATION_COMMENTS = YES;
				CLANG_WARN_EMPTY_BODY = YES;
				CLANG_WARN_ENUM_CONVERSION = YES;
				CLANG_WARN_INFINITE_RECURSION = YES;
				CLANG_WARN_INT_CONVERSION = YES;
				CLANG_WARN_NON_LITERAL_NULL_CONVERSION = YES;
				CLANG_WARN_OBJC_IMPLICIT_RETAIN_SELF = YES;
				CLANG_WARN_OBJC_LITERAL_CONVERSION = YES;
				CLANG_WARN_OBJC_ROOT_CLASS = YES_ERROR;
				CLANG_WARN_QUOTED_INCLUDE_IN_FRAMEWORK_HEADER = YES;
				CLANG_WARN_RANGE_LOOP_ANALYSIS = YES;
				CLANG_WARN_STRICT_PROTOTYPES = YES;
				CLANG_WARN_SUSPICIOUS_MOVE = YES;
				CLANG_WARN_UNGUARDED_AVAILABILITY = YES_AGGRESSIVE;
				CLANG_WARN_UNREACHABLE_CODE = YES;
				CLANG_WARN__DUPLICATE_METHOD_MATCH = YES;
				COPY_PHASE_STRIP = NO;
				DEBUG_INFORMATION_FORMAT = "dwarf-with-dsym";
				ENABLE_NS_ASSERTIONS = NO;
				ENABLE_STRICT_OBJC_MSGSEND = YES;
				ENABLE_USER_SCRIPT_SANDBOXING = YES;
				GCC_C_LANGUAGE_STANDARD = gnu17;
				GCC_NO_COMMON_BLOCKS = YES;
				GCC_WARN_64_TO_32_BIT_CONVERSION = YES;
				GCC_WARN_ABOUT_RETURN_TYPE = YES_ERROR;
				GCC_WARN_UNDECLARED_SELECTOR = YES;
				GCC_WARN_UNINITIALIZED_AUTOS = YES_AGGRESSIVE;
				GCC_WARN_UNUSED_FUNCTION = YES;
				GCC_WARN_UNUSED_VARIABLE = YES;
				IPHONEOS_DEPLOYMENT_TARGET = 14.0;
				LOCALIZATION_PREFERS_STRING_CATALOGS = YES;
				MTL_ENABLE_DEBUG_INFO = NO;
				MTL_FAST_MATH = YES;
				SDKROOT = iphoneos;
				SWIFT_COMPILATION_MODE = wholemodule;
				VALIDATE_PRODUCT = YES;
			};
			name = Release;
		};
		5B78EE282B02992E007FB912 /* Debug */ = {
			isa = XCBuildConfiguration;
			buildSettings = {
				ASSETCATALOG_COMPILER_APPICON_NAME = AppIcon;
				ASSETCATALOG_COMPILER_GLOBAL_ACCENT_COLOR_NAME = AccentColor;
				CODE_SIGN_STYLE = Automatic;
				CURRENT_PROJECT_VERSION = 1;
				DEVELOPMENT_ASSET_PATHS = "\"SoupFoot/Preview Content\"";
				DEVELOPMENT_TEAM = 3F64PJSVWV;
				ENABLE_PREVIEWS = YES;
				GENERATE_INFOPLIST_FILE = YES;
				INFOPLIST_KEY_UIApplicationSceneManifest_Generation = YES;
				INFOPLIST_KEY_UIApplicationSupportsIndirectInputEvents = YES;
				INFOPLIST_KEY_UILaunchScreen_Generation = YES;
				INFOPLIST_KEY_UISupportedInterfaceOrientations_iPad = "UIInterfaceOrientationPortrait UIInterfaceOrientationPortraitUpsideDown UIInterfaceOrientationLandscapeLeft UIInterfaceOrientationLandscapeRight";
				INFOPLIST_KEY_UISupportedInterfaceOrientations_iPhone = "UIInterfaceOrientationPortrait UIInterfaceOrientationLandscapeLeft UIInterfaceOrientationLandscapeRight";
				LD_RUNPATH_SEARCH_PATHS = (
					"$(inherited)",
					"@executable_path/Frameworks",
				);
				MARKETING_VERSION = 1.0;
				PRODUCT_BUNDLE_IDENTIFIER = LeadsDoIt.SoupFoot;
				PRODUCT_NAME = "$(TARGET_NAME)";
				SWIFT_EMIT_LOC_STRINGS = YES;
				SWIFT_VERSION = 5.0;
				TARGETED_DEVICE_FAMILY = "1,2";
			};
			name = Debug;
		};
		5B78EE292B02992E007FB912 /* Release */ = {
			isa = XCBuildConfiguration;
			buildSettings = {
				ASSETCATALOG_COMPILER_APPICON_NAME = AppIcon;
				ASSETCATALOG_COMPILER_GLOBAL_ACCENT_COLOR_NAME = AccentColor;
				CODE_SIGN_STYLE = Automatic;
				CURRENT_PROJECT_VERSION = 1;
				DEVELOPMENT_ASSET_PATHS = "\"SoupFoot/Preview Content\"";
				DEVELOPMENT_TEAM = 3F64PJSVWV;
				ENABLE_PREVIEWS = YES;
				GENERATE_INFOPLIST_FILE = YES;
				INFOPLIST_KEY_UIApplicationSceneManifest_Generation = YES;
				INFOPLIST_KEY_UIApplicationSupportsIndirectInputEvents = YES;
				INFOPLIST_KEY_UILaunchScreen_Generation = YES;
				INFOPLIST_KEY_UISupportedInterfaceOrientations_iPad = "UIInterfaceOrientationPortrait UIInterfaceOrientationPortraitUpsideDown UIInterfaceOrientationLandscapeLeft UIInterfaceOrientationLandscapeRight";
				INFOPLIST_KEY_UISupportedInterfaceOrientations_iPhone = "UIInterfaceOrientationPortrait UIInterfaceOrientationLandscapeLeft UIInterfaceOrientationLandscapeRight";
				LD_RUNPATH_SEARCH_PATHS = (
					"$(inherited)",
					"@executable_path/Frameworks",
				);
				MARKETING_VERSION = 1.0;
				PRODUCT_BUNDLE_IDENTIFIER = LeadsDoIt.SoupFoot;
				PRODUCT_NAME = "$(TARGET_NAME)";
				SWIFT_EMIT_LOC_STRINGS = YES;
				SWIFT_VERSION = 5.0;
				TARGETED_DEVICE_FAMILY = "1,2";
			};
			name = Release;
		};
/* End XCBuildConfiguration section */

/* Begin XCConfigurationList section */
		5B78EE142B02992B007FB912 /* Build configuration list for PBXProject "SoupFoot" */ = {
			isa = XCConfigurationList;
			buildConfigurations = (
				5B78EE252B02992E007FB912 /* Debug */,
				5B78EE262B02992E007FB912 /* Release */,
			);
			defaultConfigurationIsVisible = 0;
			defaultConfigurationName = Release;
		};
		5B78EE272B02992E007FB912 /* Build configuration list for PBXNativeTarget "SoupFoot" */ = {
			isa = XCConfigurationList;
			buildConfigurations = (
				5B78EE282B02992E007FB912 /* Debug */,
				5B78EE292B02992E007FB912 /* Release */,
			);
			defaultConfigurationIsVisible = 0;
			defaultConfigurationName = Release;
		};
/* End XCConfigurationList section */

/* Begin XCRemoteSwiftPackageReference section */
		5B15E74E2B052C97004A4AF6 /* XCRemoteSwiftPackageReference "Futbin_api" */ = {
			isa = XCRemoteSwiftPackageReference;
			repositoryURL = "https://github.com/Leads-apps/Futbin_api.git";
			requirement = {
				kind = upToNextMinorVersion;
				minimumVersion = 1.0.0;
			};
		};
		5B15E7512B052F5F004A4AF6 /* XCRemoteSwiftPackageReference "Kingfisher" */ = {
			isa = XCRemoteSwiftPackageReference;
			repositoryURL = "https://github.com/onevcat/Kingfisher";
			requirement = {
				kind = upToNextMinorVersion;
				minimumVersion = 7.10.0;
			};
		};
/* End XCRemoteSwiftPackageReference section */

/* Begin XCSwiftPackageProductDependency section */
		5B15E74F2B052C98004A4AF6 /* Futbin_api */ = {
			isa = XCSwiftPackageProductDependency;
			package = 5B15E74E2B052C97004A4AF6 /* XCRemoteSwiftPackageReference "Futbin_api" */;
			productName = Futbin_api;
		};
		5B15E7522B052F5F004A4AF6 /* Kingfisher */ = {
			isa = XCSwiftPackageProductDependency;
			package = 5B15E7512B052F5F004A4AF6 /* XCRemoteSwiftPackageReference "Kingfisher" */;
			productName = Kingfisher;
		};
/* End XCSwiftPackageProductDependency section */
	};
	rootObject = 5B78EE112B02992B007FB912 /* Project object */;
}
